
Microsoft Visual Studio Solution File, Format Version 12.00
# Visual Studio Version 17
VisualStudioVersion = 17.8.34525.116
MinimumVisualStudioVersion = 10.0.40219.1
Project("{FAE04EC0-301F-11D3-BF4B-00C04F79EFBC}") = "esercizioS17L1", "esercizioS17L1.csproj", "{A937DF86-95A0-4688-87CA-DE8A561E8FDE}"
EndProject
Global
	GlobalSection(SolutionConfigurationPlatforms) = preSolution
		Debug|Any CPU = Debug|Any CPU
		Release|Any CPU = Release|Any CPU
	EndGlobalSection
	GlobalSection(ProjectConfigurationPlatforms) = postSolution
		{A937DF86-95A0-4688-87CA-DE8A561E8FDE}.Debug|Any CPU.ActiveCfg = Debug|Any CPU
		{A937DF86-95A0-4688-87CA-DE8A561E8FDE}.Debug|Any CPU.Build.0 = Debug|Any CPU
		{A937DF86-95A0-4688-87CA-DE8A561E8FDE}.Release|Any CPU.ActiveCfg = Release|Any CPU
		{A937DF86-95A0-4688-87CA-DE8A561E8FDE}.Release|Any CPU.Build.0 = Release|Any CPU
	EndGlobalSection
	GlobalSection(SolutionProperties) = preSolution
		HideSolutionNode = FALSE
	EndGlobalSection
	GlobalSection(ExtensibilityGlobals) = postSolution
		SolutionGuid = {8B72A1F2-FDB4-4A10-9C28-B36AA11856CA}
	EndGlobalSection
EndGlobal
